Microsoft Visual Studio Solution File, Format Version 9.00
# Visual Studio 2005
Project("{FAE04EC0-301F-11D3-BF4B-00C04F79EFBC}") = "TimerApp", "TimerApp.csproj", "{AA2E43A7-6F2A-46C4-8174-9216CF865678}"
EndProject
Global
	GlobalSection(SolutionConfigurationPlatforms) = preSolution
		Debug|Any CPU = Debug|Any CPU
		Release|Any CPU = Release|Any CPU
	EndGlobalSection
	GlobalSection(ProjectConfigurationPlatforms) = postSolution
		{AA2E43A7-6F2A-46C4-8174-9216CF865678}.Debug|Any CPU.ActiveCfg = Debug|Any CPU
		{AA2E43A7-6F2A-46C4-8174-9216CF865678}.Debug|Any CPU.Build.0 = Debug|Any CPU
		{AA2E43A7-6F2A-46C4-8174-9216CF865678}.Release|Any CPU.ActiveCfg = Release|Any CPU
		{AA2E43A7-6F2A-46C4-8174-9216CF865678}.Release|Any CPU.Build.0 = Release|Any CPU
	EndGlobalSection
	GlobalSection(SolutionProperties) = preSolution
		HideSolutionNode = FALSE
	EndGlobalSection
EndGlobal
