
Microsoft Visual Studio Solution File, Format Version 9.00
# Visual Studio 2005
Project("{FAE04EC0-301F-11D3-BF4B-00C04F79EFBC}") = "FontDlgApp", "FontDlgApp.csproj", "{839147D1-3908-40CC-945E-199C9C111B9C}"
EndProject
Global
	GlobalSection(SolutionConfigurationPlatforms) = preSolution
		Debug|Any CPU = Debug|Any CPU
		Release|Any CPU = Release|Any CPU
	EndGlobalSection
	GlobalSection(ProjectConfigurationPlatforms) = postSolution
		{839147D1-3908-40CC-945E-199C9C111B9C}.Debug|Any CPU.ActiveCfg = Debug|Any CPU
		{839147D1-3908-40CC-945E-199C9C111B9C}.Debug|Any CPU.Build.0 = Debug|Any CPU
		{839147D1-3908-40CC-945E-199C9C111B9C}.Release|Any CPU.ActiveCfg = Release|Any CPU
		{839147D1-3908-40CC-945E-199C9C111B9C}.Release|Any CPU.Build.0 = Release|Any CPU
	EndGlobalSection
	GlobalSection(SolutionProperties) = preSolution
		HideSolutionNode = FALSE
	EndGlobalSection
EndGlobal
