
Microsoft Visual Studio Solution File, Format Version 9.00
# Visual Studio 2005
Project("{FAE04EC0-301F-11D3-BF4B-00C04F79EFBC}") = "PartialTypes", "PartialTypes\PartialTypes.csproj", "{C039AA58-9ACA-4121-9E1A-E81F06CE202A}"
EndProject
Global
	GlobalSection(SolutionConfigurationPlatforms) = preSolution
		Debug|Any CPU = Debug|Any CPU
		Release|Any CPU = Release|Any CPU
	EndGlobalSection
	GlobalSection(ProjectConfigurationPlatforms) = postSolution
		{C039AA58-9ACA-4121-9E1A-E81F06CE202A}.Debug|Any CPU.ActiveCfg = Debug|Any CPU
		{C039AA58-9ACA-4121-9E1A-E81F06CE202A}.Debug|Any CPU.Build.0 = Debug|Any CPU
		{C039AA58-9ACA-4121-9E1A-E81F06CE202A}.Release|Any CPU.ActiveCfg = Release|Any CPU
		{C039AA58-9ACA-4121-9E1A-E81F06CE202A}.Release|Any CPU.Build.0 = Release|Any CPU
	EndGlobalSection
	GlobalSection(SolutionProperties) = preSolution
		HideSolutionNode = FALSE
	EndGlobalSection
EndGlobal
