
Microsoft Visual Studio Solution File, Format Version 9.00
# Visual Studio 2005
Project("{FAE04EC0-301F-11D3-BF4B-00C04F79EFBC}") = "NullableTypes", "NullableTypes\NullableTypes.csproj", "{3B7CB5BA-678E-4DA9-B491-B23A9C40742D}"
EndProject
Global
	GlobalSection(SolutionConfigurationPlatforms) = preSolution
		Debug|Any CPU = Debug|Any CPU
		Release|Any CPU = Release|Any CPU
	EndGlobalSection
	GlobalSection(ProjectConfigurationPlatforms) = postSolution
		{3B7CB5BA-678E-4DA9-B491-B23A9C40742D}.Debug|Any CPU.ActiveCfg = Debug|Any CPU
		{3B7CB5BA-678E-4DA9-B491-B23A9C40742D}.Debug|Any CPU.Build.0 = Debug|Any CPU
		{3B7CB5BA-678E-4DA9-B491-B23A9C40742D}.Release|Any CPU.ActiveCfg = Release|Any CPU
		{3B7CB5BA-678E-4DA9-B491-B23A9C40742D}.Release|Any CPU.Build.0 = Release|Any CPU
	EndGlobalSection
	GlobalSection(SolutionProperties) = preSolution
		HideSolutionNode = FALSE
	EndGlobalSection
EndGlobal
