Microsoft Visual Studio Solution File, Format Version 9.00
# Visual Studio 2005
Project("{FAE04EC0-301F-11D3-BF4B-00C04F79EFBC}") = "TCPSimpleRemoteObjectServer", "TCPSimpleRemoteObjectServer.csproj", "{161FA1F1-01AF-4481-BD89-D986AE9720BF}"
EndProject
Global
	GlobalSection(SolutionConfigurationPlatforms) = preSolution
		Debug|Any CPU = Debug|Any CPU
		Release|Any CPU = Release|Any CPU
	EndGlobalSection
	GlobalSection(ProjectConfigurationPlatforms) = postSolution
		{161FA1F1-01AF-4481-BD89-D986AE9720BF}.Debug|Any CPU.ActiveCfg = Debug|Any CPU
		{161FA1F1-01AF-4481-BD89-D986AE9720BF}.Debug|Any CPU.Build.0 = Debug|Any CPU
		{161FA1F1-01AF-4481-BD89-D986AE9720BF}.Release|Any CPU.ActiveCfg = Release|Any CPU
		{161FA1F1-01AF-4481-BD89-D986AE9720BF}.Release|Any CPU.Build.0 = Release|Any CPU
	EndGlobalSection
	GlobalSection(SolutionProperties) = preSolution
		HideSolutionNode = FALSE
	EndGlobalSection
EndGlobal
