
Microsoft Visual Studio Solution File, Format Version 9.00
# Visual Studio 2005
Project("{FAE04EC0-301F-11D3-BF4B-00C04F79EFBC}") = "BasicConsoleIO", "BasicConsoleIO.csproj", "{30A92847-D1C2-4588-921F-B4CD1AF1B3FF}"
EndProject
Global
	GlobalSection(SolutionConfigurationPlatforms) = preSolution
		Debug|Any CPU = Debug|Any CPU
		Release|Any CPU = Release|Any CPU
	EndGlobalSection
	GlobalSection(ProjectConfigurationPlatforms) = postSolution
		{30A92847-D1C2-4588-921F-B4CD1AF1B3FF}.Debug|Any CPU.ActiveCfg = Debug|Any CPU
		{30A92847-D1C2-4588-921F-B4CD1AF1B3FF}.Debug|Any CPU.Build.0 = Debug|Any CPU
		{30A92847-D1C2-4588-921F-B4CD1AF1B3FF}.Release|Any CPU.ActiveCfg = Release|Any CPU
		{30A92847-D1C2-4588-921F-B4CD1AF1B3FF}.Release|Any CPU.Build.0 = Release|Any CPU
	EndGlobalSection
	GlobalSection(SolutionProperties) = preSolution
		HideSolutionNode = FALSE
	EndGlobalSection
EndGlobal
