
Microsoft Visual Studio Solution File, Format Version 9.00
# Visual Studio 2005
Project("{FAE04EC0-301F-11D3-BF4B-00C04F79EFBC}") = "ReadOnlyFields", "ReadOnlyFields.csproj", "{2FF11A1C-D17B-475A-8216-7E030C16C39C}"
EndProject
Global
	GlobalSection(SolutionConfigurationPlatforms) = preSolution
		Debug|Any CPU = Debug|Any CPU
		Release|Any CPU = Release|Any CPU
	EndGlobalSection
	GlobalSection(ProjectConfigurationPlatforms) = postSolution
		{2FF11A1C-D17B-475A-8216-7E030C16C39C}.Debug|Any CPU.ActiveCfg = Debug|Any CPU
		{2FF11A1C-D17B-475A-8216-7E030C16C39C}.Debug|Any CPU.Build.0 = Debug|Any CPU
		{2FF11A1C-D17B-475A-8216-7E030C16C39C}.Release|Any CPU.ActiveCfg = Release|Any CPU
		{2FF11A1C-D17B-475A-8216-7E030C16C39C}.Release|Any CPU.Build.0 = Release|Any CPU
	EndGlobalSection
	GlobalSection(SolutionProperties) = preSolution
		HideSolutionNode = FALSE
	EndGlobalSection
EndGlobal
