Microsoft Visual Studio Solution File, Format Version 9.00
# Visual Studio 2005
Project("{FAE04EC0-301F-11D3-BF4B-00C04F79EFBC}") = "SimpleRemoteObjectServer", "SimpleRemoteObjectServer.csproj", "{F2615F20-455E-4C52-8A77-ABC35019D3C6}"
EndProject
Global
	GlobalSection(SolutionConfigurationPlatforms) = preSolution
		Debug|Any CPU = Debug|Any CPU
		Release|Any CPU = Release|Any CPU
	EndGlobalSection
	GlobalSection(ProjectConfigurationPlatforms) = postSolution
		{F2615F20-455E-4C52-8A77-ABC35019D3C6}.Debug|Any CPU.ActiveCfg = Debug|Any CPU
		{F2615F20-455E-4C52-8A77-ABC35019D3C6}.Debug|Any CPU.Build.0 = Debug|Any CPU
		{F2615F20-455E-4C52-8A77-ABC35019D3C6}.Release|Any CPU.ActiveCfg = Release|Any CPU
		{F2615F20-455E-4C52-8A77-ABC35019D3C6}.Release|Any CPU.Build.0 = Release|Any CPU
	EndGlobalSection
	GlobalSection(SolutionProperties) = preSolution
		HideSolutionNode = FALSE
	EndGlobalSection
EndGlobal
