Microsoft Visual Studio Solution File, Format Version 9.00
# Visual Studio 2005
Project("{FAE04EC0-301F-11D3-BF4B-00C04F79EFBC}") = "ProcessManipulator", "ProcessManipulator.csproj", "{4C8B50EB-209A-4943-AC00-A7640EA2AF2B}"
EndProject
Global
	GlobalSection(SolutionConfigurationPlatforms) = preSolution
		Debug|Any CPU = Debug|Any CPU
		Release|Any CPU = Release|Any CPU
	EndGlobalSection
	GlobalSection(ProjectConfigurationPlatforms) = postSolution
		{4C8B50EB-209A-4943-AC00-A7640EA2AF2B}.Debug|Any CPU.ActiveCfg = Debug|Any CPU
		{4C8B50EB-209A-4943-AC00-A7640EA2AF2B}.Debug|Any CPU.Build.0 = Debug|Any CPU
		{4C8B50EB-209A-4943-AC00-A7640EA2AF2B}.Release|Any CPU.ActiveCfg = Release|Any CPU
		{4C8B50EB-209A-4943-AC00-A7640EA2AF2B}.Release|Any CPU.Build.0 = Release|Any CPU
	EndGlobalSection
	GlobalSection(SolutionProperties) = preSolution
		HideSolutionNode = FALSE
	EndGlobalSection
EndGlobal
