
Microsoft Visual Studio Solution File, Format Version 9.00
# Visual Studio 2005
Project("{FAE04EC0-301F-11D3-BF4B-00C04F79EFBC}") = "CarDataTableViewer ", "CarDataTableViewer .csproj", "{8921FC40-CDB6-4036-803F-0365CBD07F1C}"
EndProject
Global
	GlobalSection(SolutionConfigurationPlatforms) = preSolution
		Debug|Any CPU = Debug|Any CPU
		Release|Any CPU = Release|Any CPU
	EndGlobalSection
	GlobalSection(ProjectConfigurationPlatforms) = postSolution
		{8921FC40-CDB6-4036-803F-0365CBD07F1C}.Debug|Any CPU.ActiveCfg = Debug|Any CPU
		{8921FC40-CDB6-4036-803F-0365CBD07F1C}.Debug|Any CPU.Build.0 = Debug|Any CPU
		{8921FC40-CDB6-4036-803F-0365CBD07F1C}.Release|Any CPU.ActiveCfg = Release|Any CPU
		{8921FC40-CDB6-4036-803F-0365CBD07F1C}.Release|Any CPU.Build.0 = Release|Any CPU
	EndGlobalSection
	GlobalSection(SolutionProperties) = preSolution
		HideSolutionNode = FALSE
	EndGlobalSection
EndGlobal
