
Microsoft Visual Studio Solution File, Format Version 9.00
# Visual Studio 2005
Project("{FAE04EC0-301F-11D3-BF4B-00C04F79EFBC}") = "SimpleIndexer", "SimpleIndexer.csproj", "{2509FE05-94B6-44C0-B1DF-BFF518F43865}"
EndProject
Global
	GlobalSection(SolutionConfigurationPlatforms) = preSolution
		Debug|Any CPU = Debug|Any CPU
		Release|Any CPU = Release|Any CPU
	EndGlobalSection
	GlobalSection(ProjectConfigurationPlatforms) = postSolution
		{2509FE05-94B6-44C0-B1DF-BFF518F43865}.Debug|Any CPU.ActiveCfg = Debug|Any CPU
		{2509FE05-94B6-44C0-B1DF-BFF518F43865}.Debug|Any CPU.Build.0 = Debug|Any CPU
		{2509FE05-94B6-44C0-B1DF-BFF518F43865}.Release|Any CPU.ActiveCfg = Release|Any CPU
		{2509FE05-94B6-44C0-B1DF-BFF518F43865}.Release|Any CPU.Build.0 = Release|Any CPU
	EndGlobalSection
	GlobalSection(SolutionProperties) = preSolution
		HideSolutionNode = FALSE
	EndGlobalSection
EndGlobal
