
Microsoft Visual Studio Solution File, Format Version 9.00
# Visual Studio 2005
Project("{FAE04EC0-301F-11D3-BF4B-00C04F79EFBC}") = "LabelsAndTextBoxes", "LabelsAndTextBoxes.csproj", "{B55CFDF9-6688-46E8-BC68-F78B87453298}"
EndProject
Global
	GlobalSection(SolutionConfigurationPlatforms) = preSolution
		Debug|Any CPU = Debug|Any CPU
		Release|Any CPU = Release|Any CPU
	EndGlobalSection
	GlobalSection(ProjectConfigurationPlatforms) = postSolution
		{B55CFDF9-6688-46E8-BC68-F78B87453298}.Debug|Any CPU.ActiveCfg = Debug|Any CPU
		{B55CFDF9-6688-46E8-BC68-F78B87453298}.Debug|Any CPU.Build.0 = Debug|Any CPU
		{B55CFDF9-6688-46E8-BC68-F78B87453298}.Release|Any CPU.ActiveCfg = Release|Any CPU
		{B55CFDF9-6688-46E8-BC68-F78B87453298}.Release|Any CPU.Build.0 = Release|Any CPU
	EndGlobalSection
	GlobalSection(SolutionProperties) = preSolution
		HideSolutionNode = FALSE
	EndGlobalSection
EndGlobal
