
Microsoft Visual Studio Solution File, Format Version 9.00
# Visual Studio 2005
Project("{FAE04EC0-301F-11D3-BF4B-00C04F79EFBC}") = "CarsInventoryUpdater", "CarsInventoryUpdater.csproj", "{0549A2E7-252C-4AC3-B328-409FFC9C64B2}"
EndProject
Global
	GlobalSection(SolutionConfigurationPlatforms) = preSolution
		Debug|Any CPU = Debug|Any CPU
		Release|Any CPU = Release|Any CPU
	EndGlobalSection
	GlobalSection(ProjectConfigurationPlatforms) = postSolution
		{0549A2E7-252C-4AC3-B328-409FFC9C64B2}.Debug|Any CPU.ActiveCfg = Debug|Any CPU
		{0549A2E7-252C-4AC3-B328-409FFC9C64B2}.Debug|Any CPU.Build.0 = Debug|Any CPU
		{0549A2E7-252C-4AC3-B328-409FFC9C64B2}.Release|Any CPU.ActiveCfg = Release|Any CPU
		{0549A2E7-252C-4AC3-B328-409FFC9C64B2}.Release|Any CPU.Build.0 = Release|Any CPU
	EndGlobalSection
	GlobalSection(SolutionProperties) = preSolution
		HideSolutionNode = FALSE
	EndGlobalSection
EndGlobal
