Microsoft Visual Studio Solution File, Format Version 9.00
# Visual Studio 2005
Project("{FAE04EC0-301F-11D3-BF4B-00C04F79EFBC}") = "ContextManipulator", "ContextManipulator.csproj", "{F09E2A55-85AB-4B30-8AF1-336B14840B49}"
EndProject
Global
	GlobalSection(SolutionConfigurationPlatforms) = preSolution
		Debug|Any CPU = Debug|Any CPU
		Release|Any CPU = Release|Any CPU
	EndGlobalSection
	GlobalSection(ProjectConfigurationPlatforms) = postSolution
		{F09E2A55-85AB-4B30-8AF1-336B14840B49}.Debug|Any CPU.ActiveCfg = Debug|Any CPU
		{F09E2A55-85AB-4B30-8AF1-336B14840B49}.Debug|Any CPU.Build.0 = Debug|Any CPU
		{F09E2A55-85AB-4B30-8AF1-336B14840B49}.Release|Any CPU.ActiveCfg = Release|Any CPU
		{F09E2A55-85AB-4B30-8AF1-336B14840B49}.Release|Any CPU.Build.0 = Release|Any CPU
	EndGlobalSection
	GlobalSection(SolutionProperties) = preSolution
		HideSolutionNode = FALSE
	EndGlobalSection
EndGlobal
