
Microsoft Visual Studio Solution File, Format Version 9.00
# Visual Studio 2005
Project("{FAE04EC0-301F-11D3-BF4B-00C04F79EFBC}") = "CustomPenApp", "CustomPenApp.csproj", "{8AEDE4F3-0DE4-4A1B-9B4C-D970E43A957C}"
EndProject
Global
	GlobalSection(SolutionConfigurationPlatforms) = preSolution
		Debug|Any CPU = Debug|Any CPU
		Release|Any CPU = Release|Any CPU
	EndGlobalSection
	GlobalSection(ProjectConfigurationPlatforms) = postSolution
		{8AEDE4F3-0DE4-4A1B-9B4C-D970E43A957C}.Debug|Any CPU.ActiveCfg = Debug|Any CPU
		{8AEDE4F3-0DE4-4A1B-9B4C-D970E43A957C}.Debug|Any CPU.Build.0 = Debug|Any CPU
		{8AEDE4F3-0DE4-4A1B-9B4C-D970E43A957C}.Release|Any CPU.ActiveCfg = Release|Any CPU
		{8AEDE4F3-0DE4-4A1B-9B4C-D970E43A957C}.Release|Any CPU.Build.0 = Release|Any CPU
	EndGlobalSection
	GlobalSection(SolutionProperties) = preSolution
		HideSolutionNode = FALSE
	EndGlobalSection
EndGlobal
