
Microsoft Visual Studio Solution File, Format Version 9.00
# Visual Studio 2005
Project("{FAE04EC0-301F-11D3-BF4B-00C04F79EFBC}") = "CodeBaseClient", "CodeBaseClient.csproj", "{3DC85287-BE1F-4A24-8648-E0627FEC7DBC}"
EndProject
Global
	GlobalSection(SolutionConfigurationPlatforms) = preSolution
		Debug|Any CPU = Debug|Any CPU
		Release|Any CPU = Release|Any CPU
	EndGlobalSection
	GlobalSection(ProjectConfigurationPlatforms) = postSolution
		{3DC85287-BE1F-4A24-8648-E0627FEC7DBC}.Debug|Any CPU.ActiveCfg = Debug|Any CPU
		{3DC85287-BE1F-4A24-8648-E0627FEC7DBC}.Debug|Any CPU.Build.0 = Debug|Any CPU
		{3DC85287-BE1F-4A24-8648-E0627FEC7DBC}.Release|Any CPU.ActiveCfg = Release|Any CPU
		{3DC85287-BE1F-4A24-8648-E0627FEC7DBC}.Release|Any CPU.Build.0 = Release|Any CPU
	EndGlobalSection
	GlobalSection(SolutionProperties) = preSolution
		HideSolutionNode = FALSE
	EndGlobalSection
EndGlobal
