Microsoft Visual Studio Solution File, Format Version 9.00
# Visual Studio 2005
Project("{FAE04EC0-301F-11D3-BF4B-00C04F79EFBC}") = "CSharpCarClient", "CSharpCarClient.csproj", "{AA0CC932-D3E6-4F2E-9A2E-BC44D37372E0}"
EndProject
Global
	GlobalSection(SolutionConfigurationPlatforms) = preSolution
		Debug|Any CPU = Debug|Any CPU
		Release|Any CPU = Release|Any CPU
	EndGlobalSection
	GlobalSection(ProjectConfigurationPlatforms) = postSolution
		{AA0CC932-D3E6-4F2E-9A2E-BC44D37372E0}.Debug|Any CPU.ActiveCfg = Debug|Any CPU
		{AA0CC932-D3E6-4F2E-9A2E-BC44D37372E0}.Debug|Any CPU.Build.0 = Debug|Any CPU
		{AA0CC932-D3E6-4F2E-9A2E-BC44D37372E0}.Release|Any CPU.ActiveCfg = Release|Any CPU
		{AA0CC932-D3E6-4F2E-9A2E-BC44D37372E0}.Release|Any CPU.Build.0 = Release|Any CPU
	EndGlobalSection
	GlobalSection(SolutionProperties) = preSolution
		HideSolutionNode = FALSE
	EndGlobalSection
EndGlobal
